
Microsoft Visual Studio Solution File, Format Version 12.00
# Visual Studio Version 17
VisualStudioVersion = 17.0.31903.59
MinimumVisualStudioVersion = 10.0.40219.1
Project("{FAE04EC0-301F-11D3-BF4B-00C04F79EFBC}") = "example.oops", "example.oops\example.oops.csproj", "{D99C6899-8043-404D-BD21-8CCA1E576DAA}"
EndProject
Project("{FAE04EC0-301F-11D3-BF4B-00C04F79EFBC}") = "example.solid", "example.solid\example.solid.csproj", "{B26FCBFB-D719-49E2-8121-396511A0954C}"
EndProject
Project("{FAE04EC0-301F-11D3-BF4B-00C04F79EFBC}") = "example.app", "example.app\example.app.csproj", "{B6B55537-DF0C-456A-84EE-544FCF91F1E3}"
EndProject
Global
	GlobalSection(SolutionConfigurationPlatforms) = preSolution
		Debug|Any CPU = Debug|Any CPU
		Debug|x64 = Debug|x64
		Debug|x86 = Debug|x86
		Release|Any CPU = Release|Any CPU
		Release|x64 = Release|x64
		Release|x86 = Release|x86
	EndGlobalSection
	GlobalSection(ProjectConfigurationPlatforms) = postSolution
		{D99C6899-8043-404D-BD21-8CCA1E576DAA}.Debug|Any CPU.ActiveCfg = Debug|Any CPU
		{D99C6899-8043-404D-BD21-8CCA1E576DAA}.Debug|Any CPU.Build.0 = Debug|Any CPU
		{D99C6899-8043-404D-BD21-8CCA1E576DAA}.Debug|x64.ActiveCfg = Debug|Any CPU
		{D99C6899-8043-404D-BD21-8CCA1E576DAA}.Debug|x64.Build.0 = Debug|Any CPU
		{D99C6899-8043-404D-BD21-8CCA1E576DAA}.Debug|x86.ActiveCfg = Debug|Any CPU
		{D99C6899-8043-404D-BD21-8CCA1E576DAA}.Debug|x86.Build.0 = Debug|Any CPU
		{D99C6899-8043-404D-BD21-8CCA1E576DAA}.Release|Any CPU.ActiveCfg = Release|Any CPU
		{D99C6899-8043-404D-BD21-8CCA1E576DAA}.Release|Any CPU.Build.0 = Release|Any CPU
		{D99C6899-8043-404D-BD21-8CCA1E576DAA}.Release|x64.ActiveCfg = Release|Any CPU
		{D99C6899-8043-404D-BD21-8CCA1E576DAA}.Release|x64.Build.0 = Release|Any CPU
		{D99C6899-8043-404D-BD21-8CCA1E576DAA}.Release|x86.ActiveCfg = Release|Any CPU
		{D99C6899-8043-404D-BD21-8CCA1E576DAA}.Release|x86.Build.0 = Release|Any CPU
		{B26FCBFB-D719-49E2-8121-396511A0954C}.Debug|Any CPU.ActiveCfg = Debug|Any CPU
		{B26FCBFB-D719-49E2-8121-396511A0954C}.Debug|Any CPU.Build.0 = Debug|Any CPU
		{B26FCBFB-D719-49E2-8121-396511A0954C}.Debug|x64.ActiveCfg = Debug|Any CPU
		{B26FCBFB-D719-49E2-8121-396511A0954C}.Debug|x64.Build.0 = Debug|Any CPU
		{B26FCBFB-D719-49E2-8121-396511A0954C}.Debug|x86.ActiveCfg = Debug|Any CPU
		{B26FCBFB-D719-49E2-8121-396511A0954C}.Debug|x86.Build.0 = Debug|Any CPU
		{B26FCBFB-D719-49E2-8121-396511A0954C}.Release|Any CPU.ActiveCfg = Release|Any CPU
		{B26FCBFB-D719-49E2-8121-396511A0954C}.Release|Any CPU.Build.0 = Release|Any CPU
		{B26FCBFB-D719-49E2-8121-396511A0954C}.Release|x64.ActiveCfg = Release|Any CPU
		{B26FCBFB-D719-49E2-8121-396511A0954C}.Release|x64.Build.0 = Release|Any CPU
		{B26FCBFB-D719-49E2-8121-396511A0954C}.Release|x86.ActiveCfg = Release|Any CPU
		{B26FCBFB-D719-49E2-8121-396511A0954C}.Release|x86.Build.0 = Release|Any CPU
		{B6B55537-DF0C-456A-84EE-544FCF91F1E3}.Debug|Any CPU.ActiveCfg = Debug|Any CPU
		{B6B55537-DF0C-456A-84EE-544FCF91F1E3}.Debug|Any CPU.Build.0 = Debug|Any CPU
		{B6B55537-DF0C-456A-84EE-544FCF91F1E3}.Debug|x64.ActiveCfg = Debug|Any CPU
		{B6B55537-DF0C-456A-84EE-544FCF91F1E3}.Debug|x64.Build.0 = Debug|Any CPU
		{B6B55537-DF0C-456A-84EE-544FCF91F1E3}.Debug|x86.ActiveCfg = Debug|Any CPU
		{B6B55537-DF0C-456A-84EE-544FCF91F1E3}.Debug|x86.Build.0 = Debug|Any CPU
		{B6B55537-DF0C-456A-84EE-544FCF91F1E3}.Release|Any CPU.ActiveCfg = Release|Any CPU
		{B6B55537-DF0C-456A-84EE-544FCF91F1E3}.Release|Any CPU.Build.0 = Release|Any CPU
		{B6B55537-DF0C-456A-84EE-544FCF91F1E3}.Release|x64.ActiveCfg = Release|Any CPU
		{B6B55537-DF0C-456A-84EE-544FCF91F1E3}.Release|x64.Build.0 = Release|Any CPU
		{B6B55537-DF0C-456A-84EE-544FCF91F1E3}.Release|x86.ActiveCfg = Release|Any CPU
		{B6B55537-DF0C-456A-84EE-544FCF91F1E3}.Release|x86.Build.0 = Release|Any CPU
	EndGlobalSection
	GlobalSection(SolutionProperties) = preSolution
		HideSolutionNode = FALSE
	EndGlobalSection
EndGlobal
